
Microsoft Visual Studio Solution File, Format Version 12.00
# Visual Studio 2017
Project("{FAE04EC0-301F-11D3-BF4B-00C04F79EFBC}") = "com.unity.postprocessing.Runtime", "com.unity.postprocessing.Runtime.csproj", "{43CE4B77-0ED1-06DF-D6D8-916516C0693A}"
EndProject
Project("{FAE04EC0-301F-11D3-BF4B-00C04F79EFBC}") = "com.unity.render-pipelines.core.Runtime", "com.unity.render-pipelines.core.Runtime.csproj", "{C276BA28-4F02-D404-7E59-C154E78AF69A}"
EndProject
Project("{FAE04EC0-301F-11D3-BF4B-00C04F79EFBC}") = "com.unity.render-pipelines.lightweight.Runtime", "com.unity.render-pipelines.lightweight.Runtime.csproj", "{27C5C58A-1D35-74B6-772E-FFF4901A4088}"
EndProject
Project("{FAE04EC0-301F-11D3-BF4B-00C04F79EFBC}") = "AdventureJam", "AdventureJam.csproj", "{E04FD7DE-FC37-7E86-5E8C-4712C414A8D2}"
EndProject
Project("{FAE04EC0-301F-11D3-BF4B-00C04F79EFBC}") = "Unity.ShaderGraph.Editor", "Unity.ShaderGraph.Editor.csproj", "{097081EC-B172-781E-F676-D45E858A96D6}"
EndProject
Project("{FAE04EC0-301F-11D3-BF4B-00C04F79EFBC}") = "Unity.PackageManagerUI.Editor", "Unity.PackageManagerUI.Editor.csproj", "{6877705C-FBD9-0C4F-5AFB-6FB431E5D39D}"
EndProject
Project("{FAE04EC0-301F-11D3-BF4B-00C04F79EFBC}") = "com.unity.render-pipelines.lightweight.Editor", "com.unity.render-pipelines.lightweight.Editor.csproj", "{25FA35B5-DEC0-BCD5-8F44-0EDB11064891}"
EndProject
Project("{FAE04EC0-301F-11D3-BF4B-00C04F79EFBC}") = "com.unity.render-pipelines.core.Editor", "com.unity.render-pipelines.core.Editor.csproj", "{E14A6FCC-D8BF-2DA1-0326-17E09C5E0AA1}"
EndProject
Project("{FAE04EC0-301F-11D3-BF4B-00C04F79EFBC}") = "com.unity.postprocessing.Editor", "com.unity.postprocessing.Editor.csproj", "{8C3967EF-EA5C-CD2A-F191-ADB2A5FEC7D2}"
EndProject
Project("{FAE04EC0-301F-11D3-BF4B-00C04F79EFBC}") = "UnityEditor.StandardEvents", "UnityEditor.StandardEvents.csproj", "{6800202F-4402-D405-F8CB-03DC7BD78B92}"
EndProject
Project("{FAE04EC0-301F-11D3-BF4B-00C04F79EFBC}") = "com.unity.render-pipelines.core.IncludePaths", "com.unity.render-pipelines.core.IncludePaths.csproj", "{F2B70288-84D1-5F1A-592D-AFB0D48FEE35}"
EndProject
Global
	GlobalSection(SolutionConfigurationPlatforms) = preSolution
		Debug|Any CPU = Debug|Any CPU
		Release|Any CPU = Release|Any CPU
	EndGlobalSection
	GlobalSection(ProjectConfigurationPlatforms) = postSolution
		{43CE4B77-0ED1-06DF-D6D8-916516C0693A}.Debug|Any CPU.ActiveCfg = Debug|Any CPU
		{43CE4B77-0ED1-06DF-D6D8-916516C0693A}.Debug|Any CPU.Build.0 = Debug|Any CPU
		{43CE4B77-0ED1-06DF-D6D8-916516C0693A}.Release|Any CPU.ActiveCfg = Release|Any CPU
		{43CE4B77-0ED1-06DF-D6D8-916516C0693A}.Release|Any CPU.Build.0 = Release|Any CPU
		{C276BA28-4F02-D404-7E59-C154E78AF69A}.Debug|Any CPU.ActiveCfg = Debug|Any CPU
		{C276BA28-4F02-D404-7E59-C154E78AF69A}.Debug|Any CPU.Build.0 = Debug|Any CPU
		{C276BA28-4F02-D404-7E59-C154E78AF69A}.Release|Any CPU.ActiveCfg = Release|Any CPU
		{C276BA28-4F02-D404-7E59-C154E78AF69A}.Release|Any CPU.Build.0 = Release|Any CPU
		{27C5C58A-1D35-74B6-772E-FFF4901A4088}.Debug|Any CPU.ActiveCfg = Debug|Any CPU
		{27C5C58A-1D35-74B6-772E-FFF4901A4088}.Debug|Any CPU.Build.0 = Debug|Any CPU
		{27C5C58A-1D35-74B6-772E-FFF4901A4088}.Release|Any CPU.ActiveCfg = Release|Any CPU
		{27C5C58A-1D35-74B6-772E-FFF4901A4088}.Release|Any CPU.Build.0 = Release|Any CPU
		{E04FD7DE-FC37-7E86-5E8C-4712C414A8D2}.Debug|Any CPU.ActiveCfg = Debug|Any CPU
		{E04FD7DE-FC37-7E86-5E8C-4712C414A8D2}.Debug|Any CPU.Build.0 = Debug|Any CPU
		{E04FD7DE-FC37-7E86-5E8C-4712C414A8D2}.Release|Any CPU.ActiveCfg = Release|Any CPU
		{E04FD7DE-FC37-7E86-5E8C-4712C414A8D2}.Release|Any CPU.Build.0 = Release|Any CPU
		{097081EC-B172-781E-F676-D45E858A96D6}.Debug|Any CPU.ActiveCfg = Debug|Any CPU
		{097081EC-B172-781E-F676-D45E858A96D6}.Debug|Any CPU.Build.0 = Debug|Any CPU
		{097081EC-B172-781E-F676-D45E858A96D6}.Release|Any CPU.ActiveCfg = Release|Any CPU
		{097081EC-B172-781E-F676-D45E858A96D6}.Release|Any CPU.Build.0 = Release|Any CPU
		{6877705C-FBD9-0C4F-5AFB-6FB431E5D39D}.Debug|Any CPU.ActiveCfg = Debug|Any CPU
		{6877705C-FBD9-0C4F-5AFB-6FB431E5D39D}.Debug|Any CPU.Build.0 = Debug|Any CPU
		{6877705C-FBD9-0C4F-5AFB-6FB431E5D39D}.Release|Any CPU.ActiveCfg = Release|Any CPU
		{6877705C-FBD9-0C4F-5AFB-6FB431E5D39D}.Release|Any CPU.Build.0 = Release|Any CPU
		{25FA35B5-DEC0-BCD5-8F44-0EDB11064891}.Debug|Any CPU.ActiveCfg = Debug|Any CPU
		{25FA35B5-DEC0-BCD5-8F44-0EDB11064891}.Debug|Any CPU.Build.0 = Debug|Any CPU
		{25FA35B5-DEC0-BCD5-8F44-0EDB11064891}.Release|Any CPU.ActiveCfg = Release|Any CPU
		{25FA35B5-DEC0-BCD5-8F44-0EDB11064891}.Release|Any CPU.Build.0 = Release|Any CPU
		{E14A6FCC-D8BF-2DA1-0326-17E09C5E0AA1}.Debug|Any CPU.ActiveCfg = Debug|Any CPU
		{E14A6FCC-D8BF-2DA1-0326-17E09C5E0AA1}.Debug|Any CPU.Build.0 = Debug|Any CPU
		{E14A6FCC-D8BF-2DA1-0326-17E09C5E0AA1}.Release|Any CPU.ActiveCfg = Release|Any CPU
		{E14A6FCC-D8BF-2DA1-0326-17E09C5E0AA1}.Release|Any CPU.Build.0 = Release|Any CPU
		{8C3967EF-EA5C-CD2A-F191-ADB2A5FEC7D2}.Debug|Any CPU.ActiveCfg = Debug|Any CPU
		{8C3967EF-EA5C-CD2A-F191-ADB2A5FEC7D2}.Debug|Any CPU.Build.0 = Debug|Any CPU
		{8C3967EF-EA5C-CD2A-F191-ADB2A5FEC7D2}.Release|Any CPU.ActiveCfg = Release|Any CPU
		{8C3967EF-EA5C-CD2A-F191-ADB2A5FEC7D2}.Release|Any CPU.Build.0 = Release|Any CPU
		{6800202F-4402-D405-F8CB-03DC7BD78B92}.Debug|Any CPU.ActiveCfg = Debug|Any CPU
		{6800202F-4402-D405-F8CB-03DC7BD78B92}.Debug|Any CPU.Build.0 = Debug|Any CPU
		{6800202F-4402-D405-F8CB-03DC7BD78B92}.Release|Any CPU.ActiveCfg = Release|Any CPU
		{6800202F-4402-D405-F8CB-03DC7BD78B92}.Release|Any CPU.Build.0 = Release|Any CPU
		{F2B70288-84D1-5F1A-592D-AFB0D48FEE35}.Debug|Any CPU.ActiveCfg = Debug|Any CPU
		{F2B70288-84D1-5F1A-592D-AFB0D48FEE35}.Debug|Any CPU.Build.0 = Debug|Any CPU
		{F2B70288-84D1-5F1A-592D-AFB0D48FEE35}.Release|Any CPU.ActiveCfg = Release|Any CPU
		{F2B70288-84D1-5F1A-592D-AFB0D48FEE35}.Release|Any CPU.Build.0 = Release|Any CPU
	EndGlobalSection
	GlobalSection(SolutionProperties) = preSolution
		HideSolutionNode = FALSE
	EndGlobalSection
EndGlobal
